
Microsoft Visual Studio Solution File, Format Version 12.00
# Visual Studio Version 16
VisualStudioVersion = 16.0.29911.84
MinimumVisualStudioVersion = 10.0.40219.1
Project("{FAE04EC0-301F-11D3-BF4B-00C04F79EFBC}") = "Tetris", "Tetris\Tetris.csproj", "{CCE42FF9-9410-4CF4-9746-2B2A490B87B8}"
EndProject
Global
	GlobalSection(SolutionConfigurationPlatforms) = preSolution
		Debug|Any CPU = Debug|Any CPU
		Release|Any CPU = Release|Any CPU
	EndGlobalSection
	GlobalSection(ProjectConfigurationPlatforms) = postSolution
		{CCE42FF9-9410-4CF4-9746-2B2A490B87B8}.Debug|Any CPU.ActiveCfg = Debug|Any CPU
		{CCE42FF9-9410-4CF4-9746-2B2A490B87B8}.Debug|Any CPU.Build.0 = Debug|Any CPU
		{CCE42FF9-9410-4CF4-9746-2B2A490B87B8}.Release|Any CPU.ActiveCfg = Release|Any CPU
		{CCE42FF9-9410-4CF4-9746-2B2A490B87B8}.Release|Any CPU.Build.0 = Release|Any CPU
	EndGlobalSection
	GlobalSection(SolutionProperties) = preSolution
		HideSolutionNode = FALSE
	EndGlobalSection
	GlobalSection(ExtensibilityGlobals) = postSolution
		SolutionGuid = {8E5FB008-C89C-4D2C-8D5C-99A29AB91A22}
	EndGlobalSection
EndGlobal
